
Microsoft Visual Studio Solution File, Format Version 12.00
# Visual Studio Version 16
VisualStudioVersion = 16.0.30204.135
MinimumVisualStudioVersion = 10.0.40219.1
Project("{FAE04EC0-301F-11D3-BF4B-00C04F79EFBC}") = "NumberInWords", "NumberInWords\NumberInWords.csproj", "{7FB6A7B3-F406-4587-83E7-D49D95C4C854}"
EndProject
Global
	GlobalSection(SolutionConfigurationPlatforms) = preSolution
		Debug|Any CPU = Debug|Any CPU
		Release|Any CPU = Release|Any CPU
	EndGlobalSection
	GlobalSection(ProjectConfigurationPlatforms) = postSolution
		{7FB6A7B3-F406-4587-83E7-D49D95C4C854}.Debug|Any CPU.ActiveCfg = Debug|Any CPU
		{7FB6A7B3-F406-4587-83E7-D49D95C4C854}.Debug|Any CPU.Build.0 = Debug|Any CPU
		{7FB6A7B3-F406-4587-83E7-D49D95C4C854}.Release|Any CPU.ActiveCfg = Release|Any CPU
		{7FB6A7B3-F406-4587-83E7-D49D95C4C854}.Release|Any CPU.Build.0 = Release|Any CPU
	EndGlobalSection
	GlobalSection(SolutionProperties) = preSolution
		HideSolutionNode = FALSE
	EndGlobalSection
	GlobalSection(ExtensibilityGlobals) = postSolution
		SolutionGuid = {6C90148A-3D3D-45D4-A7E7-3FA580150BE4}
	EndGlobalSection
EndGlobal
